
Microsoft Visual Studio Solution File, Format Version 12.00
# Visual Studio 16
Project("{FAE04EC0-301F-11D3-BF4B-00C04F79EFBC}") = "Assembly-CSharp", "Assembly-CSharp.csproj", "{D1A7A5CC-9E10-4ADB-4362-4816A4119FC9}"
EndProject
Global
	GlobalSection(SolutionConfigurationPlatforms) = preSolution
		Debug|Any CPU = Debug|Any CPU
		Release|Any CPU = Release|Any CPU
	EndGlobalSection
	GlobalSection(ProjectConfigurationPlatforms) = postSolution
		{D1A7A5CC-9E10-4ADB-4362-4816A4119FC9}.Debug|Any CPU.ActiveCfg = Debug|Any CPU
		{D1A7A5CC-9E10-4ADB-4362-4816A4119FC9}.Debug|Any CPU.Build.0 = Debug|Any CPU
		{D1A7A5CC-9E10-4ADB-4362-4816A4119FC9}.Release|Any CPU.ActiveCfg = Release|Any CPU
		{D1A7A5CC-9E10-4ADB-4362-4816A4119FC9}.Release|Any CPU.Build.0 = Release|Any CPU
	EndGlobalSection
	GlobalSection(SolutionProperties) = preSolution
		HideSolutionNode = FALSE
	EndGlobalSection
EndGlobal
